{
  "requires": true,
  "lockfileVersion": 1,
  "dependencies": {
    "json_encode": {
      "version": "0.1.0",
      "resolved": "https://registry.npmjs.org/json_encode/-/json_encode-0.1.0.tgz",
      "integrity": "sha1-tfW5evA5yA32GwfH+4VIbPDUfYs="
    },
    "node-adyen-encrypt": {
      "version": "2.3.1",
      "resolved": "https://registry.npmjs.org/node-adyen-encrypt/-/node-adyen-encrypt-2.3.1.tgz",
      "integrity": "sha512-CxvkVDBqXtP598ycPzn7dETROHQ4LKQVcW/IqqOtI5b8aKfROpqeQL+NYlKY28fHt/WMuQmfMSUf8SW2BW2KKA=="
    }
  }
}
